
Microsoft Visual Studio Solution File, Format Version 12.00
# Visual Studio Version 16
VisualStudioVersion = 16.0.31424.327
MinimumVisualStudioVersion = 10.0.40219.1
Project("{9A19103F-16F7-4668-BE54-9A1E7A4F7556}") = "CarRental.API.Vehicles", "CarRental.API.Vehicles\CarRental.API.Vehicles.csproj", "{DB0735B9-2E1E-49D1-B761-B7F81DD4C8AF}"
EndProject
Project("{9A19103F-16F7-4668-BE54-9A1E7A4F7556}") = "CarRental.API.Vehicles.Tests", "CarRental.API.Vehicles.Tests\CarRental.API.Vehicles.Tests.csproj", "{5AB19DAA-BE77-41A8-92F2-6F3A30275D0B}"
EndProject
Project("{FAE04EC0-301F-11D3-BF4B-00C04F79EFBC}") = "CarRental.API.Gateway", "CarRental.API.Gateway\CarRental.API.Gateway.csproj", "{99EB785E-D739-4407-A165-CE3B2EE2CB50}"
EndProject
Project("{FAE04EC0-301F-11D3-BF4B-00C04F79EFBC}") = "CarRental.API.Person", "CarRental.API.Person\CarRental.API.Person.csproj", "{018C19A2-CDD3-4936-88D2-39D09DAE8FEA}"
EndProject
Project("{FAE04EC0-301F-11D3-BF4B-00C04F79EFBC}") = "CarRental.API.Person.Tests", "CarRental.API.Person.Tests\CarRental.API.Person.Tests.csproj", "{5FDBA534-32A8-4E85-97C5-2AF06F88B63A}"
EndProject
Project("{FAE04EC0-301F-11D3-BF4B-00C04F79EFBC}") = "CarRental.API.Reservation", "CarRental.API.Reservation\CarRental.API.Reservation.csproj", "{4E969AD2-EAE0-4A3F-9C71-3874F32499BF}"
EndProject
Project("{FAE04EC0-301F-11D3-BF4B-00C04F79EFBC}") = "CarRental.API.Reservation.Tests", "CarRental.API.Reservation.Tests\CarRental.API.Reservation.Tests.csproj", "{2AFCB350-4F6B-43EE-8D4D-1DFB4ACC104C}"
EndProject
Global
	GlobalSection(SolutionConfigurationPlatforms) = preSolution
		Debug|Any CPU = Debug|Any CPU
		Release|Any CPU = Release|Any CPU
	EndGlobalSection
	GlobalSection(ProjectConfigurationPlatforms) = postSolution
		{DB0735B9-2E1E-49D1-B761-B7F81DD4C8AF}.Debug|Any CPU.ActiveCfg = Debug|Any CPU
		{DB0735B9-2E1E-49D1-B761-B7F81DD4C8AF}.Debug|Any CPU.Build.0 = Debug|Any CPU
		{DB0735B9-2E1E-49D1-B761-B7F81DD4C8AF}.Release|Any CPU.ActiveCfg = Release|Any CPU
		{DB0735B9-2E1E-49D1-B761-B7F81DD4C8AF}.Release|Any CPU.Build.0 = Release|Any CPU
		{5AB19DAA-BE77-41A8-92F2-6F3A30275D0B}.Debug|Any CPU.ActiveCfg = Debug|Any CPU
		{5AB19DAA-BE77-41A8-92F2-6F3A30275D0B}.Debug|Any CPU.Build.0 = Debug|Any CPU
		{5AB19DAA-BE77-41A8-92F2-6F3A30275D0B}.Release|Any CPU.ActiveCfg = Release|Any CPU
		{5AB19DAA-BE77-41A8-92F2-6F3A30275D0B}.Release|Any CPU.Build.0 = Release|Any CPU
		{99EB785E-D739-4407-A165-CE3B2EE2CB50}.Debug|Any CPU.ActiveCfg = Debug|Any CPU
		{99EB785E-D739-4407-A165-CE3B2EE2CB50}.Debug|Any CPU.Build.0 = Debug|Any CPU
		{99EB785E-D739-4407-A165-CE3B2EE2CB50}.Release|Any CPU.ActiveCfg = Release|Any CPU
		{99EB785E-D739-4407-A165-CE3B2EE2CB50}.Release|Any CPU.Build.0 = Release|Any CPU
		{018C19A2-CDD3-4936-88D2-39D09DAE8FEA}.Debug|Any CPU.ActiveCfg = Debug|Any CPU
		{018C19A2-CDD3-4936-88D2-39D09DAE8FEA}.Debug|Any CPU.Build.0 = Debug|Any CPU
		{018C19A2-CDD3-4936-88D2-39D09DAE8FEA}.Release|Any CPU.ActiveCfg = Release|Any CPU
		{018C19A2-CDD3-4936-88D2-39D09DAE8FEA}.Release|Any CPU.Build.0 = Release|Any CPU
		{5FDBA534-32A8-4E85-97C5-2AF06F88B63A}.Debug|Any CPU.ActiveCfg = Debug|Any CPU
		{5FDBA534-32A8-4E85-97C5-2AF06F88B63A}.Debug|Any CPU.Build.0 = Debug|Any CPU
		{5FDBA534-32A8-4E85-97C5-2AF06F88B63A}.Release|Any CPU.ActiveCfg = Release|Any CPU
		{5FDBA534-32A8-4E85-97C5-2AF06F88B63A}.Release|Any CPU.Build.0 = Release|Any CPU
		{4E969AD2-EAE0-4A3F-9C71-3874F32499BF}.Debug|Any CPU.ActiveCfg = Debug|Any CPU
		{4E969AD2-EAE0-4A3F-9C71-3874F32499BF}.Debug|Any CPU.Build.0 = Debug|Any CPU
		{4E969AD2-EAE0-4A3F-9C71-3874F32499BF}.Release|Any CPU.ActiveCfg = Release|Any CPU
		{4E969AD2-EAE0-4A3F-9C71-3874F32499BF}.Release|Any CPU.Build.0 = Release|Any CPU
		{2AFCB350-4F6B-43EE-8D4D-1DFB4ACC104C}.Debug|Any CPU.ActiveCfg = Debug|Any CPU
		{2AFCB350-4F6B-43EE-8D4D-1DFB4ACC104C}.Debug|Any CPU.Build.0 = Debug|Any CPU
		{2AFCB350-4F6B-43EE-8D4D-1DFB4ACC104C}.Release|Any CPU.ActiveCfg = Release|Any CPU
		{2AFCB350-4F6B-43EE-8D4D-1DFB4ACC104C}.Release|Any CPU.Build.0 = Release|Any CPU
	EndGlobalSection
	GlobalSection(SolutionProperties) = preSolution
		HideSolutionNode = FALSE
	EndGlobalSection
	GlobalSection(ExtensibilityGlobals) = postSolution
		SolutionGuid = {74660E81-88BC-46C1-B2E1-CE6C46AB80B4}
	EndGlobalSection
EndGlobal
